
Microsoft Visual Studio Solution File, Format Version 12.00
# Visual Studio Version 17
VisualStudioVersion = 17.8.34330.188
MinimumVisualStudioVersion = 10.0.40219.1
Project("{FAE04EC0-301F-11D3-BF4B-00C04F79EFBC}") = "DataAccess", "DataAccess\DataAccess.csproj", "{72991E33-E9AC-4207-AB31-98CB0ADB9E90}"
EndProject
Project("{FAE04EC0-301F-11D3-BF4B-00C04F79EFBC}") = "Web", "Web\Web.csproj", "{0760CDD8-A7CB-4169-952E-7A31B9A036D3}"
EndProject
Global
	GlobalSection(SolutionConfigurationPlatforms) = preSolution
		Debug|Any CPU = Debug|Any CPU
		Release|Any CPU = Release|Any CPU
	EndGlobalSection
	GlobalSection(ProjectConfigurationPlatforms) = postSolution
		{72991E33-E9AC-4207-AB31-98CB0ADB9E90}.Debug|Any CPU.ActiveCfg = Debug|Any CPU
		{72991E33-E9AC-4207-AB31-98CB0ADB9E90}.Debug|Any CPU.Build.0 = Debug|Any CPU
		{72991E33-E9AC-4207-AB31-98CB0ADB9E90}.Release|Any CPU.ActiveCfg = Release|Any CPU
		{72991E33-E9AC-4207-AB31-98CB0ADB9E90}.Release|Any CPU.Build.0 = Release|Any CPU
		{0760CDD8-A7CB-4169-952E-7A31B9A036D3}.Debug|Any CPU.ActiveCfg = Debug|Any CPU
		{0760CDD8-A7CB-4169-952E-7A31B9A036D3}.Debug|Any CPU.Build.0 = Debug|Any CPU
		{0760CDD8-A7CB-4169-952E-7A31B9A036D3}.Release|Any CPU.ActiveCfg = Release|Any CPU
		{0760CDD8-A7CB-4169-952E-7A31B9A036D3}.Release|Any CPU.Build.0 = Release|Any CPU
	EndGlobalSection
	GlobalSection(SolutionProperties) = preSolution
		HideSolutionNode = FALSE
	EndGlobalSection
	GlobalSection(ExtensibilityGlobals) = postSolution
		SolutionGuid = {978B34D5-3319-472D-9CC3-D415810C37AA}
	EndGlobalSection
EndGlobal
